
Microsoft Visual Studio Solution File, Format Version 12.00
# Visual Studio 15
VisualStudioVersion = 15.0.27130.2024
MinimumVisualStudioVersion = 10.0.40219.1
Project("{FAE04EC0-301F-11D3-BF4B-00C04F79EFBC}") = "Project 2", "Project 2\Project 2.csproj", "{72626CD2-3B42-4E9F-9FE8-9926E3B750A2}"
EndProject
Global
	GlobalSection(SolutionConfigurationPlatforms) = preSolution
		Debug|Any CPU = Debug|Any CPU
		Release|Any CPU = Release|Any CPU
	EndGlobalSection
	GlobalSection(ProjectConfigurationPlatforms) = postSolution
		{72626CD2-3B42-4E9F-9FE8-9926E3B750A2}.Debug|Any CPU.ActiveCfg = Debug|Any CPU
		{72626CD2-3B42-4E9F-9FE8-9926E3B750A2}.Debug|Any CPU.Build.0 = Debug|Any CPU
		{72626CD2-3B42-4E9F-9FE8-9926E3B750A2}.Release|Any CPU.ActiveCfg = Release|Any CPU
		{72626CD2-3B42-4E9F-9FE8-9926E3B750A2}.Release|Any CPU.Build.0 = Release|Any CPU
	EndGlobalSection
	GlobalSection(SolutionProperties) = preSolution
		HideSolutionNode = FALSE
	EndGlobalSection
	GlobalSection(ExtensibilityGlobals) = postSolution
		SolutionGuid = {B72DC7E8-511B-4450-8C0B-96F14D35DE6F}
	EndGlobalSection
EndGlobal
